# This file is automatically @generated by Cargo.
# It is not intended for manual editing.
version = 3

[[package]]
name = "darling"
version = "0.20.6"
source = "registry+https://github.com/rust-lang/crates.io-index"
checksum = "c376d08ea6aa96aafe61237c7200d1241cb177b7d3a542d791f2d118e9cbb955"
dependencies = [
 "darling_core",
 "darling_macro",
]

[[package]]
name = "darling_core"
version = "0.20.6"
source = "registry+https://github.com/rust-lang/crates.io-index"
checksum = "33043dcd19068b8192064c704b3f83eb464f91f1ff527b44a4e2b08d9cdb8855"
dependencies = [
 "fnv",
 "ident_case",
 "proc-macro2",
 "quote",
 "strsim",
 "syn",
]

[[package]]
name = "darling_macro"
version = "0.20.6"
source = "registry+https://github.com/rust-lang/crates.io-index"
checksum = "c5a91391accf613803c2a9bf9abccdbaa07c54b4244a5b64883f9c3c137c86be"
dependencies = [
 "darling_core",
 "quote",
 "syn",
]

[[package]]
name = "derive_builder"
version = "0.20.0"
source = "registry+https://github.com/rust-lang/crates.io-index"
checksum = "0350b5cb0331628a5916d6c5c0b72e97393b8b6b03b47a9284f4e7f5a405ffd7"
dependencies = [
 "derive_builder_macro",
]

[[package]]
name = "derive_builder_core"
version = "0.20.0"
source = "registry+https://github.com/rust-lang/crates.io-index"
checksum = "d48cda787f839151732d396ac69e3473923d54312c070ee21e9effcaa8ca0b1d"
dependencies = [
 "darling",
 "proc-macro2",
 "quote",
 "syn",
]

[[package]]
name = "derive_builder_macro"
version = "0.20.0"
source = "registry+https://github.com/rust-lang/crates.io-index"
checksum = "206868b8242f27cecce124c19fd88157fbd0dd334df2587f36417bafbc85097b"
dependencies = [
 "derive_builder_core",
 "syn",
]

[[package]]
name = "fastrand"
version = "2.0.1"
source = "registry+https://github.com/rust-lang/crates.io-index"
checksum = "25cbce373ec4653f1a01a31e8a5e5ec0c622dc27ff9c4e6606eefef5cbbed4a5"

[[package]]
name = "fnv"
version = "1.0.7"
source = "registry+https://github.com/rust-lang/crates.io-index"
checksum = "3f9eec918d3f24069decb9af1554cad7c880e2da24a9afd88aca000531ab82c1"

[[package]]
name = "ident_case"
version = "1.0.1"
source = "registry+https://github.com/rust-lang/crates.io-index"
checksum = "b9e0384b61958566e926dc50660321d12159025e767c18e043daf26b70104c39"

[[package]]
name = "proc-macro2"
version = "1.0.78"
source = "registry+https://github.com/rust-lang/crates.io-index"
checksum = "e2422ad645d89c99f8f3e6b88a9fdeca7fabeac836b1002371c4367c8f984aae"
dependencies = [
 "unicode-ident",
]

[[package]]
name = "quote"
version = "1.0.35"
source = "registry+https://github.com/rust-lang/crates.io-index"
checksum = "291ec9ab5efd934aaf503a6466c5d5251535d108ee747472c3977cc5acc868ef"
dependencies = [
 "proc-macro2",
]

[[package]]
name = "retry_durations"
version = "1.0.0"
dependencies = [
 "derive_builder",
 "fastrand",
]

[[package]]
name = "strsim"
version = "0.10.0"
source = "registry+https://github.com/rust-lang/crates.io-index"
checksum = "73473c0e59e6d5812c5dfe2a064a6444949f089e20eec9a2e5506596494e4623"

[[package]]
name = "syn"
version = "2.0.50"
source = "registry+https://github.com/rust-lang/crates.io-index"
checksum = "74f1bdc9872430ce9b75da68329d1c1746faf50ffac5f19e02b71e37ff881ffb"
dependencies = [
 "proc-macro2",
 "quote",
 "unicode-ident",
]

[[package]]
name = "unicode-ident"
version = "1.0.12"
source = "registry+https://github.com/rust-lang/crates.io-index"
checksum = "3354b9ac3fae1ff6755cb6db53683adb661634f67557942dea4facebec0fee4b"
